// !$*UTF8*$!
{
	archiveVersion = 1;
	classes = {
	};
	objectVersion = 46;
	objects = {

/* Begin PBXBuildFile section */
		62C9435A193AEC5300A929FD /* Foundation.framework in Frameworks */ = {isa = PBXBuildFile; fileRef = 62C94359193AEC5300A929FD /* Foundation.framework */; };
		62C9435C193AEC5300A929FD /* CoreGraphics.framework in Frameworks */ = {isa = PBXBuildFile; fileRef = 62C9435B193AEC5300A929FD /* CoreGraphics.framework */; };
		62C9435E193AEC5300A929FD /* UIKit.framework in Frameworks */ = {isa = PBXBuildFile; fileRef = 62C9435D193AEC5300A929FD /* UIKit.framework */; };
		62C94364193AEC5300A929FD /* InfoPlist.strings in Resources */ = {isa = PBXBuildFile; fileRef = 62C94362193AEC5300A929FD /* InfoPlist.strings */; };
		62C94366193AEC5300A929FD /* main.m in Sources */ = {isa = PBXBuildFile; fileRef = 62C94365193AEC5300A929FD /* main.m */; };
		62C9436A193AEC5300A929FD /* LMAppDelegate.m in Sources */ = {isa = PBXBuildFile; fileRef = 62C94369193AEC5300A929FD /* LMAppDelegate.m */; };
		62C94370193AEC5300A929FD /* LMViewController.m in Sources */ = {isa = PBXBuildFile; fileRef = 62C9436F193AEC5300A929FD /* LMViewController.m */; };
		62C94372193AEC5300A929FD /* Images.xcassets in Resources */ = {isa = PBXBuildFile; fileRef = 62C94371193AEC5300A929FD /* Images.xcassets */; };
		62C94393193AF00100A929FD /* LMAddress.m in Sources */ = {isa = PBXBuildFile; fileRef = 62C94390193AF00100A929FD /* LMAddress.m */; };
		62C94394193AF00100A929FD /* LMGeocoder.m in Sources */ = {isa = PBXBuildFile; fileRef = 62C94392193AF00100A929FD /* LMGeocoder.m */; };
		62C943A7193B25CF00A929FD /* CoreLocation.framework in Frameworks */ = {isa = PBXBuildFile; fileRef = 62C943A6193B25CF00A929FD /* CoreLocation.framework */; };
		62C943A9193B316200A929FD /* AVFoundation.framework in Frameworks */ = {isa = PBXBuildFile; fileRef = 62C943A8193B316200A929FD /* AVFoundation.framework */; };
		62C943AB193B338100A929FD /* LMViewController.xib in Resources */ = {isa = PBXBuildFile; fileRef = 62C943AA193B338100A929FD /* LMViewController.xib */; };
/* End PBXBuildFile section */

/* Begin PBXFileReference section */
		62C94356193AEC5300A929FD /* LMGeocoder.app */ = {isa = PBXFileReference; explicitFileType = wrapper.application; includeInIndex = 0; path = LMGeocoder.app; sourceTree = BUILT_PRODUCTS_DIR; };
		62C94359193AEC5300A929FD /* Foundation.framework */ = {isa = PBXFileReference; lastKnownFileType = wrapper.framework; name = Foundation.framework; path = System/Library/Frameworks/Foundation.framework; sourceTree = SDKROOT; };
		62C9435B193AEC5300A929FD /* CoreGraphics.framework */ = {isa = PBXFileReference; lastKnownFileType = wrapper.framework; name = CoreGraphics.framework; path = System/Library/Frameworks/CoreGraphics.framework; sourceTree = SDKROOT; };
		62C9435D193AEC5300A929FD /* UIKit.framework */ = {isa = PBXFileReference; lastKnownFileType = wrapper.framework; name = UIKit.framework; path = System/Library/Frameworks/UIKit.framework; sourceTree = SDKROOT; };
		62C94361193AEC5300A929FD /* LMGeocoder-Info.plist */ = {isa = PBXFileReference; lastKnownFileType = text.plist.xml; path = "LMGeocoder-Info.plist"; sourceTree = "<group>"; };
		62C94363193AEC5300A929FD /* en */ = {isa = PBXFileReference; lastKnownFileType = text.plist.strings; name = en; path = en.lproj/InfoPlist.strings; sourceTree = "<group>"; };
		62C94365193AEC5300A929FD /* main.m */ = {isa = PBXFileReference; lastKnownFileType = sourcecode.c.objc; path = main.m; sourceTree = "<group>"; };
		62C94367193AEC5300A929FD /* LMGeocoder-Prefix.pch */ = {isa = PBXFileReference; lastKnownFileType = sourcecode.c.h; path = "LMGeocoder-Prefix.pch"; sourceTree = "<group>"; };
		62C94368193AEC5300A929FD /* LMAppDelegate.h */ = {isa = PBXFileReference; lastKnownFileType = sourcecode.c.h; path = LMAppDelegate.h; sourceTree = "<group>"; };
		62C94369193AEC5300A929FD /* LMAppDelegate.m */ = {isa = PBXFileReference; lastKnownFileType = sourcecode.c.objc; path = LMAppDelegate.m; sourceTree = "<group>"; };
		62C9436E193AEC5300A929FD /* LMViewController.h */ = {isa = PBXFileReference; lastKnownFileType = sourcecode.c.h; path = LMViewController.h; sourceTree = "<group>"; };
		62C9436F193AEC5300A929FD /* LMViewController.m */ = {isa = PBXFileReference; lastKnownFileType = sourcecode.c.objc; path = LMViewController.m; sourceTree = "<group>"; };
		62C94371193AEC5300A929FD /* Images.xcassets */ = {isa = PBXFileReference; lastKnownFileType = folder.assetcatalog; path = Images.xcassets; sourceTree = "<group>"; };
		62C9438F193AF00100A929FD /* LMAddress.h */ = {isa = PBXFileReference; fileEncoding = 4; lastKnownFileType = sourcecode.c.h; path = LMAddress.h; sourceTree = "<group>"; };
		62C94390193AF00100A929FD /* LMAddress.m */ = {isa = PBXFileReference; fileEncoding = 4; lastKnownFileType = sourcecode.c.objc; path = LMAddress.m; sourceTree = "<group>"; };
		62C94391193AF00100A929FD /* LMGeocoder.h */ = {isa = PBXFileReference; fileEncoding = 4; lastKnownFileType = sourcecode.c.h; path = LMGeocoder.h; sourceTree = "<group>"; };
		62C94392193AF00100A929FD /* LMGeocoder.m */ = {isa = PBXFileReference; fileEncoding = 4; lastKnownFileType = sourcecode.c.objc; path = LMGeocoder.m; sourceTree = "<group>"; };
		62C943A6193B25CF00A929FD /* CoreLocation.framework */ = {isa = PBXFileReference; lastKnownFileType = wrapper.framework; name = CoreLocation.framework; path = System/Library/Frameworks/CoreLocation.framework; sourceTree = SDKROOT; };
		62C943A8193B316200A929FD /* AVFoundation.framework */ = {isa = PBXFileReference; lastKnownFileType = wrapper.framework; name = AVFoundation.framework; path = System/Library/Frameworks/AVFoundation.framework; sourceTree = SDKROOT; };
		62C943AA193B338100A929FD /* LMViewController.xib */ = {isa = PBXFileReference; fileEncoding = 4; lastKnownFileType = file.xib; path = LMViewController.xib; sourceTree = "<group>"; };
/* End PBXFileReference section */

/* Begin PBXFrameworksBuildPhase section */
		62C94353193AEC5300A929FD /* Frameworks */ = {
			isa = PBXFrameworksBuildPhase;
			buildActionMask = 2147483647;
			files = (
				62C943A9193B316200A929FD /* AVFoundation.framework in Frameworks */,
				62C943A7193B25CF00A929FD /* CoreLocation.framework in Frameworks */,
				62C9435C193AEC5300A929FD /* CoreGraphics.framework in Frameworks */,
				62C9435E193AEC5300A929FD /* UIKit.framework in Frameworks */,
				62C9435A193AEC5300A929FD /* Foundation.framework in Frameworks */,
			);
			runOnlyForDeploymentPostprocessing = 0;
		};
/* End PBXFrameworksBuildPhase section */

/* Begin PBXGroup section */
		62C9434D193AEC5300A929FD = {
			isa = PBXGroup;
			children = (
				62C9435F193AEC5300A929FD /* LMGeocoder */,
				62C94358193AEC5300A929FD /* Frameworks */,
				62C94357193AEC5300A929FD /* Products */,
			);
			sourceTree = "<group>";
		};
		62C94357193AEC5300A929FD /* Products */ = {
			isa = PBXGroup;
			children = (
				62C94356193AEC5300A929FD /* LMGeocoder.app */,
			);
			name = Products;
			sourceTree = "<group>";
		};
		62C94358193AEC5300A929FD /* Frameworks */ = {
			isa = PBXGroup;
			children = (
				62C943A8193B316200A929FD /* AVFoundation.framework */,
				62C943A6193B25CF00A929FD /* CoreLocation.framework */,
				62C94359193AEC5300A929FD /* Foundation.framework */,
				62C9435B193AEC5300A929FD /* CoreGraphics.framework */,
				62C9435D193AEC5300A929FD /* UIKit.framework */,
			);
			name = Frameworks;
			sourceTree = "<group>";
		};
		62C9435F193AEC5300A929FD /* LMGeocoder */ = {
			isa = PBXGroup;
			children = (
				62C94368193AEC5300A929FD /* LMAppDelegate.h */,
				62C94369193AEC5300A929FD /* LMAppDelegate.m */,
				62C9436E193AEC5300A929FD /* LMViewController.h */,
				62C9436F193AEC5300A929FD /* LMViewController.m */,
				62C943AA193B338100A929FD /* LMViewController.xib */,
				62C9438E193AEDFC00A929FD /* LMGeocoder */,
				62C94360193AEC5300A929FD /* Supporting Files */,
			);
			path = LMGeocoder;
			sourceTree = "<group>";
		};
		62C94360193AEC5300A929FD /* Supporting Files */ = {
			isa = PBXGroup;
			children = (
				62C94371193AEC5300A929FD /* Images.xcassets */,
				62C94361193AEC5300A929FD /* LMGeocoder-Info.plist */,
				62C94362193AEC5300A929FD /* InfoPlist.strings */,
				62C94365193AEC5300A929FD /* main.m */,
				62C94367193AEC5300A929FD /* LMGeocoder-Prefix.pch */,
			);
			name = "Supporting Files";
			sourceTree = "<group>";
		};
		62C9438E193AEDFC00A929FD /* LMGeocoder */ = {
			isa = PBXGroup;
			children = (
				62C9438F193AF00100A929FD /* LMAddress.h */,
				62C94390193AF00100A929FD /* LMAddress.m */,
				62C94391193AF00100A929FD /* LMGeocoder.h */,
				62C94392193AF00100A929FD /* LMGeocoder.m */,
			);
			name = LMGeocoder;
			path = ../../LMGeocoder;
			sourceTree = "<group>";
		};
/* End PBXGroup section */

/* Begin PBXNativeTarget section */
		62C94355193AEC5300A929FD /* LMGeocoder */ = {
			isa = PBXNativeTarget;
			buildConfigurationList = 62C94388193AEC5300A929FD /* Build configuration list for PBXNativeTarget "LMGeocoder" */;
			buildPhases = (
				62C94352193AEC5300A929FD /* Sources */,
				62C94353193AEC5300A929FD /* Frameworks */,
				62C94354193AEC5300A929FD /* Resources */,
			);
			buildRules = (
			);
			dependencies = (
			);
			name = LMGeocoder;
			productName = LMGeocoder;
			productReference = 62C94356193AEC5300A929FD /* LMGeocoder.app */;
			productType = "com.apple.product-type.application";
		};
/* End PBXNativeTarget section */

/* Begin PBXProject section */
		62C9434E193AEC5300A929FD /* Project object */ = {
			isa = PBXProject;
			attributes = {
				CLASSPREFIX = LM;
				LastUpgradeCheck = 0510;
				ORGANIZATIONNAME = LMinh;
			};
			buildConfigurationList = 62C94351193AEC5300A929FD /* Build configuration list for PBXProject "LMGeocoder" */;
			compatibilityVersion = "Xcode 3.2";
			developmentRegion = English;
			hasScannedForEncodings = 0;
			knownRegions = (
				en,
				Base,
			);
			mainGroup = 62C9434D193AEC5300A929FD;
			productRefGroup = 62C94357193AEC5300A929FD /* Products */;
			projectDirPath = "";
			projectRoot = "";
			targets = (
				62C94355193AEC5300A929FD /* LMGeocoder */,
			);
		};
/* End PBXProject section */

/* Begin PBXResourcesBuildPhase section */
		62C94354193AEC5300A929FD /* Resources */ = {
			isa = PBXResourcesBuildPhase;
			buildActionMask = 2147483647;
			files = (
				62C94372193AEC5300A929FD /* Images.xcassets in Resources */,
				62C943AB193B338100A929FD /* LMViewController.xib in Resources */,
				62C94364193AEC5300A929FD /* InfoPlist.strings in Resources */,
			);
			runOnlyForDeploymentPostprocessing = 0;
		};
/* End PBXResourcesBuildPhase section */

/* Begin PBXSourcesBuildPhase section */
		62C94352193AEC5300A929FD /* Sources */ = {
			isa = PBXSourcesBuildPhase;
			buildActionMask = 2147483647;
			files = (
				62C94366193AEC5300A929FD /* main.m in Sources */,
				62C94393193AF00100A929FD /* LMAddress.m in Sources */,
				62C94394193AF00100A929FD /* LMGeocoder.m in Sources */,
				62C9436A193AEC5300A929FD /* LMAppDelegate.m in Sources */,
				62C94370193AEC5300A929FD /* LMViewController.m in Sources */,
			);
			runOnlyForDeploymentPostprocessing = 0;
		};
/* End PBXSourcesBuildPhase section */

/* Begin PBXVariantGroup section */
		62C94362193AEC5300A929FD /* InfoPlist.strings */ = {
			isa = PBXVariantGroup;
			children = (
				62C94363193AEC5300A929FD /* en */,
			);
			name = InfoPlist.strings;
			sourceTree = "<group>";
		};
/* End PBXVariantGroup section */

/* Begin XCBuildConfiguration section */
		62C94386193AEC5300A929FD /* Debug */ = {
			isa = XCBuildConfiguration;
			buildSettings = {
				ALWAYS_SEARCH_USER_PATHS = NO;
				CLANG_CXX_LANGUAGE_STANDARD = "gnu++0x";
				CLANG_CXX_LIBRARY = "libc++";
				CLANG_ENABLE_MODULES = YES;
				CLANG_ENABLE_OBJC_ARC = YES;
				CLANG_WARN_BOOL_CONVERSION = YES;
				CLANG_WARN_CONSTANT_CONVERSION = YES;
				CLANG_WARN_DIRECT_OBJC_ISA_USAGE = YES_ERROR;
				CLANG_WARN_EMPTY_BODY = YES;
				CLANG_WARN_ENUM_CONVERSION = YES;
				CLANG_WARN_INT_CONVERSION = YES;
				CLANG_WARN_OBJC_ROOT_CLASS = YES_ERROR;
				CLANG_WARN__DUPLICATE_METHOD_MATCH = YES;
				"CODE_SIGN_IDENTITY[sdk=iphoneos*]" = "iPhone Developer";
				COPY_PHASE_STRIP = NO;
				GCC_C_LANGUAGE_STANDARD = gnu99;
				GCC_DYNAMIC_NO_PIC = NO;
				GCC_OPTIMIZATION_LEVEL = 0;
				GCC_PREPROCESSOR_DEFINITIONS = (
					"DEBUG=1",
					"$(inherited)",
				);
				GCC_SYMBOLS_PRIVATE_EXTERN = NO;
				GCC_WARN_64_TO_32_BIT_CONVERSION = YES;
				GCC_WARN_ABOUT_RETURN_TYPE = YES_ERROR;
				GCC_WARN_UNDECLARED_SELECTOR = YES;
				GCC_WARN_UNINITIALIZED_AUTOS = YES_AGGRESSIVE;
				GCC_WARN_UNUSED_FUNCTION = YES;
				GCC_WARN_UNUSED_VARIABLE = YES;
				IPHONEOS_DEPLOYMENT_TARGET = 7.1;
				ONLY_ACTIVE_ARCH = YES;
				SDKROOT = iphoneos;
			};
			name = Debug;
		};
		62C94387193AEC5300A929FD /* Release */ = {
			isa = XCBuildConfiguration;
			buildSettings = {
				ALWAYS_SEARCH_USER_PATHS = NO;
				CLANG_CXX_LANGUAGE_STANDARD = "gnu++0x";
				CLANG_CXX_LIBRARY = "libc++";
				CLANG_ENABLE_MODULES = YES;
				CLANG_ENABLE_OBJC_ARC = YES;
				CLANG_WARN_BOOL_CONVERSION = YES;
				CLANG_WARN_CONSTANT_CONVERSION = YES;
				CLANG_WARN_DIRECT_OBJC_ISA_USAGE = YES_ERROR;
				CLANG_WARN_EMPTY_BODY = YES;
				CLANG_WARN_ENUM_CONVERSION = YES;
				CLANG_WARN_INT_CONVERSION = YES;
				CLANG_WARN_OBJC_ROOT_CLASS = YES_ERROR;
				CLANG_WARN__DUPLICATE_METHOD_MATCH = YES;
				"CODE_SIGN_IDENTITY[sdk=iphoneos*]" = "iPhone Developer";
				COPY_PHASE_STRIP = YES;
				ENABLE_NS_ASSERTIONS = NO;
				GCC_C_LANGUAGE_STANDARD = gnu99;
				GCC_WARN_64_TO_32_BIT_CONVERSION = YES;
				GCC_WARN_ABOUT_RETURN_TYPE = YES_ERROR;
				GCC_WARN_UNDECLARED_SELECTOR = YES;
				GCC_WARN_UNINITIALIZED_AUTOS = YES_AGGRESSIVE;
				GCC_WARN_UNUSED_FUNCTION = YES;
				GCC_WARN_UNUSED_VARIABLE = YES;
				IPHONEOS_DEPLOYMENT_TARGET = 7.1;
				SDKROOT = iphoneos;
				VALIDATE_PRODUCT = YES;
			};
			name = Release;
		};
		62C94389193AEC5300A929FD /* Debug */ = {
			isa = XCBuildConfiguration;
			buildSettings = {
				ASSETCATALOG_COMPILER_APPICON_NAME = AppIcon;
				ASSETCATALOG_COMPILER_LAUNCHIMAGE_NAME = LaunchImage;
				GCC_PRECOMPILE_PREFIX_HEADER = YES;
				GCC_PREFIX_HEADER = "LMGeocoder/LMGeocoder-Prefix.pch";
				INFOPLIST_FILE = "LMGeocoder/LMGeocoder-Info.plist";
				PRODUCT_NAME = "$(TARGET_NAME)";
				WRAPPER_EXTENSION = app;
			};
			name = Debug;
		};
		62C9438A193AEC5300A929FD /* Release */ = {
			isa = XCBuildConfiguration;
			buildSettings = {
				ASSETCATALOG_COMPILER_APPICON_NAME = AppIcon;
				ASSETCATALOG_COMPILER_LAUNCHIMAGE_NAME = LaunchImage;
				GCC_PRECOMPILE_PREFIX_HEADER = YES;
				GCC_PREFIX_HEADER = "LMGeocoder/LMGeocoder-Prefix.pch";
				INFOPLIST_FILE = "LMGeocoder/LMGeocoder-Info.plist";
				PRODUCT_NAME = "$(TARGET_NAME)";
				WRAPPER_EXTENSION = app;
			};
			name = Release;
		};
/* End XCBuildConfiguration section */

/* Begin XCConfigurationList section */
		62C94351193AEC5300A929FD /* Build configuration list for PBXProject "LMGeocoder" */ = {
			isa = XCConfigurationList;
			buildConfigurations = (
				62C94386193AEC5300A929FD /* Debug */,
				62C94387193AEC5300A929FD /* Release */,
			);
			defaultConfigurationIsVisible = 0;
			defaultConfigurationName = Release;
		};
		62C94388193AEC5300A929FD /* Build configuration list for PBXNativeTarget "LMGeocoder" */ = {
			isa = XCConfigurationList;
			buildConfigurations = (
				62C94389193AEC5300A929FD /* Debug */,
				62C9438A193AEC5300A929FD /* Release */,
			);
			defaultConfigurationIsVisible = 0;
			defaultConfigurationName = Release;
		};
/* End XCConfigurationList section */
	};
	rootObject = 62C9434E193AEC5300A929FD /* Project object */;
}
